
Microsoft Visual Studio Solution File, Format Version 12.00
# Visual Studio Version 16
VisualStudioVersion = 16.0.29324.140
MinimumVisualStudioVersion = 10.0.40219.1
Project("{9A19103F-16F7-4668-BE54-9A1E7A4F7556}") = "Naive Bayes Sentiment AnalysisML.Model", "Naive Bayes Sentiment AnalysisML.Model\Naive Bayes Sentiment AnalysisML.Model.csproj", "{DB53AA98-BDBE-4318-B0E5-B8C0B3AD7F0F}"
EndProject
Project("{9A19103F-16F7-4668-BE54-9A1E7A4F7556}") = "Naive Bayes Sentiment AnalysisML.ConsoleApp", "Naive Bayes Sentiment AnalysisML.ConsoleApp\Naive Bayes Sentiment AnalysisML.ConsoleApp.csproj", "{4DCABB76-5E7C-4D35-BFCD-7DA9893AEC92}"
EndProject
Global
	GlobalSection(SolutionConfigurationPlatforms) = preSolution
		Debug|Any CPU = Debug|Any CPU
		Release|Any CPU = Release|Any CPU
	EndGlobalSection
	GlobalSection(ProjectConfigurationPlatforms) = postSolution
		{DB53AA98-BDBE-4318-B0E5-B8C0B3AD7F0F}.Debug|Any CPU.ActiveCfg = Debug|Any CPU
		{DB53AA98-BDBE-4318-B0E5-B8C0B3AD7F0F}.Debug|Any CPU.Build.0 = Debug|Any CPU
		{DB53AA98-BDBE-4318-B0E5-B8C0B3AD7F0F}.Release|Any CPU.ActiveCfg = Release|Any CPU
		{DB53AA98-BDBE-4318-B0E5-B8C0B3AD7F0F}.Release|Any CPU.Build.0 = Release|Any CPU
		{4DCABB76-5E7C-4D35-BFCD-7DA9893AEC92}.Debug|Any CPU.ActiveCfg = Debug|Any CPU
		{4DCABB76-5E7C-4D35-BFCD-7DA9893AEC92}.Debug|Any CPU.Build.0 = Debug|Any CPU
		{4DCABB76-5E7C-4D35-BFCD-7DA9893AEC92}.Release|Any CPU.ActiveCfg = Release|Any CPU
		{4DCABB76-5E7C-4D35-BFCD-7DA9893AEC92}.Release|Any CPU.Build.0 = Release|Any CPU
	EndGlobalSection
	GlobalSection(SolutionProperties) = preSolution
		HideSolutionNode = FALSE
	EndGlobalSection
	GlobalSection(ExtensibilityGlobals) = postSolution
		SolutionGuid = {408676A6-CC60-46F1-B6FA-937C4E3FFE62}
	EndGlobalSection
EndGlobal
